
Microsoft Visual Studio Solution File, Format Version 12.00
# Visual Studio 14
VisualStudioVersion = 14.0.25420.1
MinimumVisualStudioVersion = 10.0.40219.1
Project("{FAE04EC0-301F-11D3-BF4B-00C04F79EFBC}") = "COMP2068-Lesson4b", "COMP2068-Lesson4b\COMP2068-Lesson4b.csproj", "{A740E4E4-E64B-41E5-B1D8-E0944ED76C58}"
EndProject
Global
	GlobalSection(SolutionConfigurationPlatforms) = preSolution
		Debug|Any CPU = Debug|Any CPU
		Release|Any CPU = Release|Any CPU
	EndGlobalSection
	GlobalSection(ProjectConfigurationPlatforms) = postSolution
		{A740E4E4-E64B-41E5-B1D8-E0944ED76C58}.Debug|Any CPU.ActiveCfg = Debug|Any CPU
		{A740E4E4-E64B-41E5-B1D8-E0944ED76C58}.Debug|Any CPU.Build.0 = Debug|Any CPU
		{A740E4E4-E64B-41E5-B1D8-E0944ED76C58}.Release|Any CPU.ActiveCfg = Release|Any CPU
		{A740E4E4-E64B-41E5-B1D8-E0944ED76C58}.Release|Any CPU.Build.0 = Release|Any CPU
	EndGlobalSection
	GlobalSection(SolutionProperties) = preSolution
		HideSolutionNode = FALSE
	EndGlobalSection
EndGlobal
